
Microsoft Visual Studio Solution File, Format Version 12.00
# Visual Studio Version 16
VisualStudioVersion = 16.0.29306.81
MinimumVisualStudioVersion = 10.0.40219.1
Project("{FAE04EC0-301F-11D3-BF4B-00C04F79EFBC}") = "LeituraForEach", "LeituraForEach\LeituraForEach.csproj", "{365EB3B4-9ABB-45D7-B6C7-9D5883DFC010}"
EndProject
Project("{FAE04EC0-301F-11D3-BF4B-00C04F79EFBC}") = "Calculadora", "Calculadora\Calculadora.csproj", "{A20ACCAA-7FA4-4D64-A2FF-4EC20C30D12C}"
EndProject
Global
	GlobalSection(SolutionConfigurationPlatforms) = preSolution
		Debug|Any CPU = Debug|Any CPU
		Release|Any CPU = Release|Any CPU
	EndGlobalSection
	GlobalSection(ProjectConfigurationPlatforms) = postSolution
		{365EB3B4-9ABB-45D7-B6C7-9D5883DFC010}.Debug|Any CPU.ActiveCfg = Debug|Any CPU
		{365EB3B4-9ABB-45D7-B6C7-9D5883DFC010}.Debug|Any CPU.Build.0 = Debug|Any CPU
		{365EB3B4-9ABB-45D7-B6C7-9D5883DFC010}.Release|Any CPU.ActiveCfg = Release|Any CPU
		{365EB3B4-9ABB-45D7-B6C7-9D5883DFC010}.Release|Any CPU.Build.0 = Release|Any CPU
		{A20ACCAA-7FA4-4D64-A2FF-4EC20C30D12C}.Debug|Any CPU.ActiveCfg = Debug|Any CPU
		{A20ACCAA-7FA4-4D64-A2FF-4EC20C30D12C}.Debug|Any CPU.Build.0 = Debug|Any CPU
		{A20ACCAA-7FA4-4D64-A2FF-4EC20C30D12C}.Release|Any CPU.ActiveCfg = Release|Any CPU
		{A20ACCAA-7FA4-4D64-A2FF-4EC20C30D12C}.Release|Any CPU.Build.0 = Release|Any CPU
	EndGlobalSection
	GlobalSection(SolutionProperties) = preSolution
		HideSolutionNode = FALSE
	EndGlobalSection
	GlobalSection(ExtensibilityGlobals) = postSolution
		SolutionGuid = {A6A4762A-39DD-42EE-809F-A1695CC4F33C}
	EndGlobalSection
EndGlobal
