
Microsoft Visual Studio Solution File, Format Version 12.00
# Visual Studio Version 16
VisualStudioVersion = 16.0.29306.81
MinimumVisualStudioVersion = 10.0.40219.1
Project("{FAE04EC0-301F-11D3-BF4B-00C04F79EFBC}") = "LeituraForEach", "LeituraForEach\LeituraForEach.csproj", "{365EB3B4-9ABB-45D7-B6C7-9D5883DFC010}"
EndProject
Project("{FAE04EC0-301F-11D3-BF4B-00C04F79EFBC}") = "Calculadora", "Calculadora\Calculadora.csproj", "{A20ACCAA-7FA4-4D64-A2FF-4EC20C30D12C}"
EndProject
Project("{FAE04EC0-301F-11D3-BF4B-00C04F79EFBC}") = "TreinoVetorLista", "TreinoVetorLista\TreinoVetorLista.csproj", "{8787D918-8690-40A2-BE7D-14A9D00C93F4}"
EndProject
Project("{FAE04EC0-301F-11D3-BF4B-00C04F79EFBC}") = "ExemploConta", "ExemploConta\ExemploConta.csproj", "{808EDAB4-6B9A-4B33-9797-82A8DCBA48BF}"
EndProject
Project("{FAE04EC0-301F-11D3-BF4B-00C04F79EFBC}") = "TreinoLista", "TreinoLista\TreinoLista.csproj", "{CE75DE78-94AF-4433-ABEC-87F2CBA123A9}"
EndProject
Global
	GlobalSection(SolutionConfigurationPlatforms) = preSolution
		Debug|Any CPU = Debug|Any CPU
		Release|Any CPU = Release|Any CPU
	EndGlobalSection
	GlobalSection(ProjectConfigurationPlatforms) = postSolution
		{365EB3B4-9ABB-45D7-B6C7-9D5883DFC010}.Debug|Any CPU.ActiveCfg = Debug|Any CPU
		{365EB3B4-9ABB-45D7-B6C7-9D5883DFC010}.Debug|Any CPU.Build.0 = Debug|Any CPU
		{365EB3B4-9ABB-45D7-B6C7-9D5883DFC010}.Release|Any CPU.ActiveCfg = Release|Any CPU
		{365EB3B4-9ABB-45D7-B6C7-9D5883DFC010}.Release|Any CPU.Build.0 = Release|Any CPU
		{A20ACCAA-7FA4-4D64-A2FF-4EC20C30D12C}.Debug|Any CPU.ActiveCfg = Debug|Any CPU
		{A20ACCAA-7FA4-4D64-A2FF-4EC20C30D12C}.Debug|Any CPU.Build.0 = Debug|Any CPU
		{A20ACCAA-7FA4-4D64-A2FF-4EC20C30D12C}.Release|Any CPU.ActiveCfg = Release|Any CPU
		{A20ACCAA-7FA4-4D64-A2FF-4EC20C30D12C}.Release|Any CPU.Build.0 = Release|Any CPU
		{8787D918-8690-40A2-BE7D-14A9D00C93F4}.Debug|Any CPU.ActiveCfg = Debug|Any CPU
		{8787D918-8690-40A2-BE7D-14A9D00C93F4}.Debug|Any CPU.Build.0 = Debug|Any CPU
		{8787D918-8690-40A2-BE7D-14A9D00C93F4}.Release|Any CPU.ActiveCfg = Release|Any CPU
		{8787D918-8690-40A2-BE7D-14A9D00C93F4}.Release|Any CPU.Build.0 = Release|Any CPU
		{808EDAB4-6B9A-4B33-9797-82A8DCBA48BF}.Debug|Any CPU.ActiveCfg = Debug|Any CPU
		{808EDAB4-6B9A-4B33-9797-82A8DCBA48BF}.Debug|Any CPU.Build.0 = Debug|Any CPU
		{808EDAB4-6B9A-4B33-9797-82A8DCBA48BF}.Release|Any CPU.ActiveCfg = Release|Any CPU
		{808EDAB4-6B9A-4B33-9797-82A8DCBA48BF}.Release|Any CPU.Build.0 = Release|Any CPU
		{CE75DE78-94AF-4433-ABEC-87F2CBA123A9}.Debug|Any CPU.ActiveCfg = Debug|Any CPU
		{CE75DE78-94AF-4433-ABEC-87F2CBA123A9}.Debug|Any CPU.Build.0 = Debug|Any CPU
		{CE75DE78-94AF-4433-ABEC-87F2CBA123A9}.Release|Any CPU.ActiveCfg = Release|Any CPU
		{CE75DE78-94AF-4433-ABEC-87F2CBA123A9}.Release|Any CPU.Build.0 = Release|Any CPU
	EndGlobalSection
	GlobalSection(SolutionProperties) = preSolution
		HideSolutionNode = FALSE
	EndGlobalSection
	GlobalSection(ExtensibilityGlobals) = postSolution
		SolutionGuid = {A6A4762A-39DD-42EE-809F-A1695CC4F33C}
	EndGlobalSection
EndGlobal
